
Microsoft Visual Studio Solution File, Format Version 12.00
# Visual Studio Version 17
VisualStudioVersion = 17.8.34330.188
MinimumVisualStudioVersion = 10.0.40219.1
Project("{9A19103F-16F7-4668-BE54-9A1E7A4F7556}") = "CdxEnrich", "CdxEnrich\CdxEnrich.csproj", "{3F6A7700-2775-4152-A47E-D6047FC48C02}"
EndProject
Project("{2150E333-8FDC-42A3-9474-1A3956D46DE8}") = "Solution Items", "Solution Items", "{71969B29-2837-4F59-8973-CECA3E17E58E}"
	ProjectSection(SolutionItems) = preProject
		.editorconfig = .editorconfig
	EndProjectSection
EndProject
Project("{9A19103F-16F7-4668-BE54-9A1E7A4F7556}") = "CdxEnrich.Tests", "CdxEnrich.Tests\CdxEnrich.Tests.csproj", "{DD08A9C4-A240-488D-9E67-769EF3138FD9}"
EndProject
Global
	GlobalSection(SolutionConfigurationPlatforms) = preSolution
		Debug|Any CPU = Debug|Any CPU
		Release|Any CPU = Release|Any CPU
	EndGlobalSection
	GlobalSection(ProjectConfigurationPlatforms) = postSolution
		{3F6A7700-2775-4152-A47E-D6047FC48C02}.Debug|Any CPU.ActiveCfg = Debug|Any CPU
		{3F6A7700-2775-4152-A47E-D6047FC48C02}.Debug|Any CPU.Build.0 = Debug|Any CPU
		{3F6A7700-2775-4152-A47E-D6047FC48C02}.Release|Any CPU.ActiveCfg = Release|Any CPU
		{3F6A7700-2775-4152-A47E-D6047FC48C02}.Release|Any CPU.Build.0 = Release|Any CPU
		{DD08A9C4-A240-488D-9E67-769EF3138FD9}.Debug|Any CPU.ActiveCfg = Debug|Any CPU
		{DD08A9C4-A240-488D-9E67-769EF3138FD9}.Debug|Any CPU.Build.0 = Debug|Any CPU
		{DD08A9C4-A240-488D-9E67-769EF3138FD9}.Release|Any CPU.ActiveCfg = Release|Any CPU
		{DD08A9C4-A240-488D-9E67-769EF3138FD9}.Release|Any CPU.Build.0 = Release|Any CPU
	EndGlobalSection
	GlobalSection(SolutionProperties) = preSolution
		HideSolutionNode = FALSE
	EndGlobalSection
	GlobalSection(ExtensibilityGlobals) = postSolution
		SolutionGuid = {0F10050B-C517-4DD4-BBF6-58B5F2CA2B95}
	EndGlobalSection
EndGlobal
